
Microsoft Visual Studio Solution File, Format Version 12.00
# Visual Studio 14
VisualStudioVersion = 14.0.23107.0
MinimumVisualStudioVersion = 10.0.40219.1
Project("{FAE04EC0-301F-11D3-BF4B-00C04F79EFBC}") = "ABC", "ABC\ABC.csproj", "{707C8409-5123-4B2C-9E9F-DB5DE03D7292}"
EndProject
Project("{FAE04EC0-301F-11D3-BF4B-00C04F79EFBC}") = "ABC.Core", "ABC.Core\ABC.Core.csproj", "{73C6FA2F-544C-4D6A-8A05-DA9D99A749A3}"
EndProject
Global
	GlobalSection(SolutionConfigurationPlatforms) = preSolution
		Debug|Any CPU = Debug|Any CPU
		Release|Any CPU = Release|Any CPU
	EndGlobalSection
	GlobalSection(ProjectConfigurationPlatforms) = postSolution
		{707C8409-5123-4B2C-9E9F-DB5DE03D7292}.Debug|Any CPU.ActiveCfg = Debug|Any CPU
		{707C8409-5123-4B2C-9E9F-DB5DE03D7292}.Debug|Any CPU.Build.0 = Debug|Any CPU
		{707C8409-5123-4B2C-9E9F-DB5DE03D7292}.Release|Any CPU.ActiveCfg = Release|Any CPU
		{707C8409-5123-4B2C-9E9F-DB5DE03D7292}.Release|Any CPU.Build.0 = Release|Any CPU
		{73C6FA2F-544C-4D6A-8A05-DA9D99A749A3}.Debug|Any CPU.ActiveCfg = Debug|Any CPU
		{73C6FA2F-544C-4D6A-8A05-DA9D99A749A3}.Debug|Any CPU.Build.0 = Debug|Any CPU
		{73C6FA2F-544C-4D6A-8A05-DA9D99A749A3}.Release|Any CPU.ActiveCfg = Release|Any CPU
		{73C6FA2F-544C-4D6A-8A05-DA9D99A749A3}.Release|Any CPU.Build.0 = Release|Any CPU
	EndGlobalSection
	GlobalSection(SolutionProperties) = preSolution
		HideSolutionNode = FALSE
	EndGlobalSection
EndGlobal
